
Microsoft Visual Studio Solution File, Format Version 12.00
# Visual Studio Version 17
VisualStudioVersion = 17.2.32616.157
MinimumVisualStudioVersion = 10.0.40219.1
Project("{FAE04EC0-301F-11D3-BF4B-00C04F79EFBC}") = "TareasMinimimalAPIs", "TareasMinimimalAPIs\TareasMinimimalAPIs.csproj", "{A15A18D6-E00C-4F01-B720-C7B4E82EA3D2}"
EndProject
Global
	GlobalSection(SolutionConfigurationPlatforms) = preSolution
		Debug|Any CPU = Debug|Any CPU
		Release|Any CPU = Release|Any CPU
	EndGlobalSection
	GlobalSection(ProjectConfigurationPlatforms) = postSolution
		{A15A18D6-E00C-4F01-B720-C7B4E82EA3D2}.Debug|Any CPU.ActiveCfg = Debug|Any CPU
		{A15A18D6-E00C-4F01-B720-C7B4E82EA3D2}.Debug|Any CPU.Build.0 = Debug|Any CPU
		{A15A18D6-E00C-4F01-B720-C7B4E82EA3D2}.Release|Any CPU.ActiveCfg = Release|Any CPU
		{A15A18D6-E00C-4F01-B720-C7B4E82EA3D2}.Release|Any CPU.Build.0 = Release|Any CPU
	EndGlobalSection
	GlobalSection(SolutionProperties) = preSolution
		HideSolutionNode = FALSE
	EndGlobalSection
	GlobalSection(ExtensibilityGlobals) = postSolution
		SolutionGuid = {382F5390-9444-468F-8FE9-395177EA5B7D}
	EndGlobalSection
EndGlobal
